
Microsoft Visual Studio Solution File, Format Version 12.00
# Visual Studio Version 16
VisualStudioVersion = 16.0.29424.173
MinimumVisualStudioVersion = 10.0.40219.1
Project("{FAE04EC0-301F-11D3-BF4B-00C04F79EFBC}") = "MvcRazor_Clone", "MvcRazor_Clone\MvcRazor_Clone.csproj", "{ADB8E18E-943C-409B-9D33-70ACE3CF66E8}"
EndProject
Global
	GlobalSection(SolutionConfigurationPlatforms) = preSolution
		Debug|Any CPU = Debug|Any CPU
		Release|Any CPU = Release|Any CPU
	EndGlobalSection
	GlobalSection(ProjectConfigurationPlatforms) = postSolution
		{ADB8E18E-943C-409B-9D33-70ACE3CF66E8}.Debug|Any CPU.ActiveCfg = Debug|Any CPU
		{ADB8E18E-943C-409B-9D33-70ACE3CF66E8}.Debug|Any CPU.Build.0 = Debug|Any CPU
		{ADB8E18E-943C-409B-9D33-70ACE3CF66E8}.Release|Any CPU.ActiveCfg = Release|Any CPU
		{ADB8E18E-943C-409B-9D33-70ACE3CF66E8}.Release|Any CPU.Build.0 = Release|Any CPU
	EndGlobalSection
	GlobalSection(SolutionProperties) = preSolution
		HideSolutionNode = FALSE
	EndGlobalSection
	GlobalSection(ExtensibilityGlobals) = postSolution
		SolutionGuid = {D61F9281-865E-4AAE-955C-475CFE47CBB1}
	EndGlobalSection
EndGlobal
